
Microsoft Visual Studio Solution File, Format Version 12.00
# Visual Studio Version 16
VisualStudioVersion = 16.0.30204.135
MinimumVisualStudioVersion = 10.0.40219.1
Project("{9A19103F-16F7-4668-BE54-9A1E7A4F7556}") = "MiniRpcFactory", "MiniRpcFactory.csproj", "{7914E473-A1C2-4B0A-AF29-5B5BBEBFBEF6}"
EndProject
Project("{FAE04EC0-301F-11D3-BF4B-00C04F79EFBC}") = "MiniRpcFactory.Demo", "MiniRpcFactory.Demo\MiniRpcFactory.Demo.csproj", "{2457449F-838C-4D34-A0BC-377C03F1FEAE}"
EndProject
Global
	GlobalSection(SolutionConfigurationPlatforms) = preSolution
		Debug|Any CPU = Debug|Any CPU
		Release|Any CPU = Release|Any CPU
	EndGlobalSection
	GlobalSection(ProjectConfigurationPlatforms) = postSolution
		{7914E473-A1C2-4B0A-AF29-5B5BBEBFBEF6}.Debug|Any CPU.ActiveCfg = Debug|Any CPU
		{7914E473-A1C2-4B0A-AF29-5B5BBEBFBEF6}.Debug|Any CPU.Build.0 = Debug|Any CPU
		{7914E473-A1C2-4B0A-AF29-5B5BBEBFBEF6}.Release|Any CPU.ActiveCfg = Release|Any CPU
		{7914E473-A1C2-4B0A-AF29-5B5BBEBFBEF6}.Release|Any CPU.Build.0 = Release|Any CPU
		{2457449F-838C-4D34-A0BC-377C03F1FEAE}.Debug|Any CPU.ActiveCfg = Debug|Any CPU
		{2457449F-838C-4D34-A0BC-377C03F1FEAE}.Debug|Any CPU.Build.0 = Debug|Any CPU
		{2457449F-838C-4D34-A0BC-377C03F1FEAE}.Release|Any CPU.ActiveCfg = Release|Any CPU
		{2457449F-838C-4D34-A0BC-377C03F1FEAE}.Release|Any CPU.Build.0 = Release|Any CPU
	EndGlobalSection
	GlobalSection(SolutionProperties) = preSolution
		HideSolutionNode = FALSE
	EndGlobalSection
	GlobalSection(ExtensibilityGlobals) = postSolution
		SolutionGuid = {63378B54-E210-4A54-A9B3-1B829CA6E720}
	EndGlobalSection
EndGlobal
